
Microsoft Visual Studio Solution File, Format Version 12.00
# Visual Studio Version 17
VisualStudioVersion = 17.8.34511.84
MinimumVisualStudioVersion = 10.0.40219.1
Project("{FAE04EC0-301F-11D3-BF4B-00C04F79EFBC}") = "Web_Blog", "Web_Blog.csproj", "{B5133A40-7858-410D-9D93-5948377D0A68}"
EndProject
Project("{FAE04EC0-301F-11D3-BF4B-00C04F79EFBC}") = "BE_Blog", "BE_Blog\BE_Blog.csproj", "{6C5201A7-7F68-48CD-BC92-ED5198D9517E}"
EndProject
Global
	GlobalSection(SolutionConfigurationPlatforms) = preSolution
		Debug|Any CPU = Debug|Any CPU
		Release|Any CPU = Release|Any CPU
	EndGlobalSection
	GlobalSection(ProjectConfigurationPlatforms) = postSolution
		{B5133A40-7858-410D-9D93-5948377D0A68}.Debug|Any CPU.ActiveCfg = Debug|Any CPU
		{B5133A40-7858-410D-9D93-5948377D0A68}.Debug|Any CPU.Build.0 = Debug|Any CPU
		{B5133A40-7858-410D-9D93-5948377D0A68}.Release|Any CPU.ActiveCfg = Release|Any CPU
		{B5133A40-7858-410D-9D93-5948377D0A68}.Release|Any CPU.Build.0 = Release|Any CPU
		{6C5201A7-7F68-48CD-BC92-ED5198D9517E}.Debug|Any CPU.ActiveCfg = Debug|Any CPU
		{6C5201A7-7F68-48CD-BC92-ED5198D9517E}.Debug|Any CPU.Build.0 = Debug|Any CPU
		{6C5201A7-7F68-48CD-BC92-ED5198D9517E}.Release|Any CPU.ActiveCfg = Release|Any CPU
		{6C5201A7-7F68-48CD-BC92-ED5198D9517E}.Release|Any CPU.Build.0 = Release|Any CPU
	EndGlobalSection
	GlobalSection(SolutionProperties) = preSolution
		HideSolutionNode = FALSE
	EndGlobalSection
	GlobalSection(ExtensibilityGlobals) = postSolution
		SolutionGuid = {A3FAE50F-811D-4635-967C-374A721D0877}
	EndGlobalSection
EndGlobal
